{
  "requires": true,
  "lockfileVersion": 1,
  "dependencies": {
    "@iconfu/svg-inject": {
      "version": "1.2.3",
      "resolved": "https://registry.npmjs.org/@iconfu/svg-inject/-/svg-inject-1.2.3.tgz",
      "integrity": "sha512-3v1MUAJqmJS4jmhHoCkSxt+EdJrjPHlLXrWocCT25kCxnxJto8028Z6CC406EL11KA53SDZgI/QQA5GEJAoiRw=="
    },
    "jquery": {
      "version": "3.5.1",
      "resolved": "https://registry.npmjs.org/jquery/-/jquery-3.5.1.tgz",
      "integrity": "sha512-XwIBPqcMn57FxfT+Go5pzySnm4KWkT1Tv7gjrpT1srtf8Weynl6R273VJ5GjkRb51IzMp5nbaPjJXMWeju2MKg=="
    },
    "tilt.js": {
      "version": "1.2.1",
      "resolved": "https://registry.npmjs.org/tilt.js/-/tilt.js-1.2.1.tgz",
      "integrity": "sha512-IGRh3FJbq6BRH2ETb2KxDWont2k740oR+0QMs39QVkjnr7QmA6L1VzSKsOLgFXg5QNtHyRKp7vzFoJCYxgzsJA==",
      "requires": {
        "jquery": "^3.1.1"
      }
    }
  }
}
